// !$*UTF8*$!
{
	archiveVersion = 1;
	classes = {
	};
	objectVersion = 46;
	objects = {

/* Begin PBXBuildFile section */
		18012A121EA13AE4005F9D16 /* AppDelegate.swift in Sources */ = {isa = PBXBuildFile; fileRef = 18012A111EA13AE4005F9D16 /* AppDelegate.swift */; };
		18012A141EA13AE4005F9D16 /* TaskViewController.swift in Sources */ = {isa = PBXBuildFile; fileRef = 18012A131EA13AE4005F9D16 /* TaskViewController.swift */; };
		18012A161EA13AE4005F9D16 /* AddTaskViewController.swift in Sources */ = {isa = PBXBuildFile; fileRef = 18012A151EA13AE4005F9D16 /* AddTaskViewController.swift */; };
		18012A191EA13AE4005F9D16 /* Main.storyboard in Resources */ = {isa = PBXBuildFile; fileRef = 18012A171EA13AE4005F9D16 /* Main.storyboard */; };
		18012A1B1EA13AE4005F9D16 /* Assets.xcassets in Resources */ = {isa = PBXBuildFile; fileRef = 18012A1A1EA13AE4005F9D16 /* Assets.xcassets */; };
		18012A1E1EA13AE4005F9D16 /* LaunchScreen.storyboard in Resources */ = {isa = PBXBuildFile; fileRef = 18012A1C1EA13AE4005F9D16 /* LaunchScreen.storyboard */; };
		18012A271EA13C2F005F9D16 /* TaskManager.swift in Sources */ = {isa = PBXBuildFile; fileRef = 18012A261EA13C2F005F9D16 /* TaskManager.swift */; };
/* End PBXBuildFile section */

/* Begin PBXFileReference section */
		18012A0E1EA13AE4005F9D16 /* ToDoList.app */ = {isa = PBXFileReference; explicitFileType = wrapper.application; includeInIndex = 0; path = ToDoList.app; sourceTree = BUILT_PRODUCTS_DIR; };
		18012A111EA13AE4005F9D16 /* AppDelegate.swift */ = {isa = PBXFileReference; lastKnownFileType = sourcecode.swift; path = AppDelegate.swift; sourceTree = "<group>"; };
		18012A131EA13AE4005F9D16 /* TaskViewController.swift */ = {isa = PBXFileReference; lastKnownFileType = sourcecode.swift; path = TaskViewController.swift; sourceTree = "<group>"; };
		18012A151EA13AE4005F9D16 /* AddTaskViewController.swift */ = {isa = PBXFileReference; lastKnownFileType = sourcecode.swift; path = AddTaskViewController.swift; sourceTree = "<group>"; };
		18012A181EA13AE4005F9D16 /* Base */ = {isa = PBXFileReference; lastKnownFileType = file.storyboard; name = Base; path = Base.lproj/Main.storyboard; sourceTree = "<group>"; };
		18012A1A1EA13AE4005F9D16 /* Assets.xcassets */ = {isa = PBXFileReference; lastKnownFileType = folder.assetcatalog; path = Assets.xcassets; sourceTree = "<group>"; };
		18012A1D1EA13AE4005F9D16 /* Base */ = {isa = PBXFileReference; lastKnownFileType = file.storyboard; name = Base; path = Base.lproj/LaunchScreen.storyboard; sourceTree = "<group>"; };
		18012A1F1EA13AE4005F9D16 /* Info.plist */ = {isa = PBXFileReference; lastKnownFileType = text.plist.xml; path = Info.plist; sourceTree = "<group>"; };
		18012A261EA13C2F005F9D16 /* TaskManager.swift */ = {isa = PBXFileReference; fileEncoding = 4; lastKnownFileType = sourcecode.swift; path = TaskManager.swift; sourceTree = "<group>"; };
/* End PBXFileReference section */

/* Begin PBXFrameworksBuildPhase section */
		18012A0B1EA13AE4005F9D16 /* Frameworks */ = {
			isa = PBXFrameworksBuildPhase;
			buildActionMask = 2147483647;
			files = (
			);
			runOnlyForDeploymentPostprocessing = 0;
		};
/* End PBXFrameworksBuildPhase section */

/* Begin PBXGroup section */
		18012A051EA13AE4005F9D16 = {
			isa = PBXGroup;
			children = (
				18012A101EA13AE4005F9D16 /* ToDoList */,
				18012A0F1EA13AE4005F9D16 /* Products */,
			);
			sourceTree = "<group>";
		};
		18012A0F1EA13AE4005F9D16 /* Products */ = {
			isa = PBXGroup;
			children = (
				18012A0E1EA13AE4005F9D16 /* ToDoList.app */,
			);
			name = Products;
			sourceTree = "<group>";
		};
		18012A101EA13AE4005F9D16 /* ToDoList */ = {
			isa = PBXGroup;
			children = (
				18012A111EA13AE4005F9D16 /* AppDelegate.swift */,
				18012A261EA13C2F005F9D16 /* TaskManager.swift */,
				18012A131EA13AE4005F9D16 /* TaskViewController.swift */,
				18012A151EA13AE4005F9D16 /* AddTaskViewController.swift */,
				18012A171EA13AE4005F9D16 /* Main.storyboard */,
				18012A251EA13BC5005F9D16 /* SupportFiles */,
			);
			path = ToDoList;
			sourceTree = "<group>";
		};
		18012A251EA13BC5005F9D16 /* SupportFiles */ = {
			isa = PBXGroup;
			children = (
				18012A1A1EA13AE4005F9D16 /* Assets.xcassets */,
				18012A1C1EA13AE4005F9D16 /* LaunchScreen.storyboard */,
				18012A1F1EA13AE4005F9D16 /* Info.plist */,
			);
			name = SupportFiles;
			sourceTree = "<group>";
		};
/* End PBXGroup section */

/* Begin PBXNativeTarget section */
		18012A0D1EA13AE4005F9D16 /* ToDoList */ = {
			isa = PBXNativeTarget;
			buildConfigurationList = 18012A221EA13AE4005F9D16 /* Build configuration list for PBXNativeTarget "ToDoList" */;
			buildPhases = (
				18012A0A1EA13AE4005F9D16 /* Sources */,
				18012A0B1EA13AE4005F9D16 /* Frameworks */,
				18012A0C1EA13AE4005F9D16 /* Resources */,
			);
			buildRules = (
			);
			dependencies = (
			);
			name = ToDoList;
			productName = ToDoList;
			productReference = 18012A0E1EA13AE4005F9D16 /* ToDoList.app */;
			productType = "com.apple.product-type.application";
		};
/* End PBXNativeTarget section */

/* Begin PBXProject section */
		18012A061EA13AE4005F9D16 /* Project object */ = {
			isa = PBXProject;
			attributes = {
				LastSwiftUpdateCheck = 0830;
				LastUpgradeCheck = 0830;
				ORGANIZATIONNAME = apple;
				TargetAttributes = {
					18012A0D1EA13AE4005F9D16 = {
						CreatedOnToolsVersion = 8.3.1;
						DevelopmentTeam = DKZMN9J99N;
						ProvisioningStyle = Automatic;
					};
				};
			};
			buildConfigurationList = 18012A091EA13AE4005F9D16 /* Build configuration list for PBXProject "ToDoList" */;
			compatibilityVersion = "Xcode 3.2";
			developmentRegion = English;
			hasScannedForEncodings = 0;
			knownRegions = (
				en,
				Base,
			);
			mainGroup = 18012A051EA13AE4005F9D16;
			productRefGroup = 18012A0F1EA13AE4005F9D16 /* Products */;
			projectDirPath = "";
			projectRoot = "";
			targets = (
				18012A0D1EA13AE4005F9D16 /* ToDoList */,
			);
		};
/* End PBXProject section */

/* Begin PBXResourcesBuildPhase section */
		18012A0C1EA13AE4005F9D16 /* Resources */ = {
			isa = PBXResourcesBuildPhase;
			buildActionMask = 2147483647;
			files = (
				18012A1E1EA13AE4005F9D16 /* LaunchScreen.storyboard in Resources */,
				18012A1B1EA13AE4005F9D16 /* Assets.xcassets in Resources */,
				18012A191EA13AE4005F9D16 /* Main.storyboard in Resources */,
			);
			runOnlyForDeploymentPostprocessing = 0;
		};
/* End PBXResourcesBuildPhase section */

/* Begin PBXSourcesBuildPhase section */
		18012A0A1EA13AE4005F9D16 /* Sources */ = {
			isa = PBXSourcesBuildPhase;
			buildActionMask = 2147483647;
			files = (
				18012A161EA13AE4005F9D16 /* AddTaskViewController.swift in Sources */,
				18012A121EA13AE4005F9D16 /* AppDelegate.swift in Sources */,
				18012A271EA13C2F005F9D16 /* TaskManager.swift in Sources */,
				18012A141EA13AE4005F9D16 /* TaskViewController.swift in Sources */,
			);
			runOnlyForDeploymentPostprocessing = 0;
		};
/* End PBXSourcesBuildPhase section */

/* Begin PBXVariantGroup section */
		18012A171EA13AE4005F9D16 /* Main.storyboard */ = {
			isa = PBXVariantGroup;
			children = (
				18012A181EA13AE4005F9D16 /* Base */,
			);
			name = Main.storyboard;
			sourceTree = "<group>";
		};
		18012A1C1EA13AE4005F9D16 /* LaunchScreen.storyboard */ = {
			isa = PBXVariantGroup;
			children = (
				18012A1D1EA13AE4005F9D16 /* Base */,
			);
			name = LaunchScreen.storyboard;
			sourceTree = "<group>";
		};
/* End PBXVariantGroup section */

/* Begin XCBuildConfiguration section */
		18012A201EA13AE4005F9D16 /* Debug */ = {
			isa = XCBuildConfiguration;
			buildSettings = {
				ALWAYS_SEARCH_USER_PATHS = NO;
				CLANG_ANALYZER_NONNULL = YES;
				CLANG_ANALYZER_NUMBER_OBJECT_CONVERSION = YES_AGGRESSIVE;
				CLANG_CXX_LANGUAGE_STANDARD = "gnu++0x";
				CLANG_CXX_LIBRARY = "libc++";
				CLANG_ENABLE_MODULES = YES;
				CLANG_ENABLE_OBJC_ARC = YES;
				CLANG_WARN_BOOL_CONVERSION = YES;
				CLANG_WARN_CONSTANT_CONVERSION = YES;
				CLANG_WARN_DIRECT_OBJC_ISA_USAGE = YES_ERROR;
				CLANG_WARN_DOCUMENTATION_COMMENTS = YES;
				CLANG_WARN_EMPTY_BODY = YES;
				CLANG_WARN_ENUM_CONVERSION = YES;
				CLANG_WARN_INFINITE_RECURSION = YES;
				CLANG_WARN_INT_CONVERSION = YES;
				CLANG_WARN_OBJC_ROOT_CLASS = YES_ERROR;
				CLANG_WARN_SUSPICIOUS_MOVE = YES;
				CLANG_WARN_UNREACHABLE_CODE = YES;
				CLANG_WARN__DUPLICATE_METHOD_MATCH = YES;
				"CODE_SIGN_IDENTITY[sdk=iphoneos*]" = "iPhone Developer";
				COPY_PHASE_STRIP = NO;
				DEBUG_INFORMATION_FORMAT = dwarf;
				ENABLE_STRICT_OBJC_MSGSEND = YES;
				ENABLE_TESTABILITY = YES;
				GCC_C_LANGUAGE_STANDARD = gnu99;
				GCC_DYNAMIC_NO_PIC = NO;
				GCC_NO_COMMON_BLOCKS = YES;
				GCC_OPTIMIZATION_LEVEL = 0;
				GCC_PREPROCESSOR_DEFINITIONS = (
					"DEBUG=1",
					"$(inherited)",
				);
				GCC_WARN_64_TO_32_BIT_CONVERSION = YES;
				GCC_WARN_ABOUT_RETURN_TYPE = YES_ERROR;
				GCC_WARN_UNDECLARED_SELECTOR = YES;
				GCC_WARN_UNINITIALIZED_AUTOS = YES_AGGRESSIVE;
				GCC_WARN_UNUSED_FUNCTION = YES;
				GCC_WARN_UNUSED_VARIABLE = YES;
				IPHONEOS_DEPLOYMENT_TARGET = 10.3;
				MTL_ENABLE_DEBUG_INFO = YES;
				ONLY_ACTIVE_ARCH = YES;
				SDKROOT = iphoneos;
				SWIFT_ACTIVE_COMPILATION_CONDITIONS = DEBUG;
				SWIFT_OPTIMIZATION_LEVEL = "-Onone";
			};
			name = Debug;
		};
		18012A211EA13AE4005F9D16 /* Release */ = {
			isa = XCBuildConfiguration;
			buildSettings = {
				ALWAYS_SEARCH_USER_PATHS = NO;
				CLANG_ANALYZER_NONNULL = YES;
				CLANG_ANALYZER_NUMBER_OBJECT_CONVERSION = YES_AGGRESSIVE;
				CLANG_CXX_LANGUAGE_STANDARD = "gnu++0x";
				CLANG_CXX_LIBRARY = "libc++";
				CLANG_ENABLE_MODULES = YES;
				CLANG_ENABLE_OBJC_ARC = YES;
				CLANG_WARN_BOOL_CONVERSION = YES;
				CLANG_WARN_CONSTANT_CONVERSION = YES;
				CLANG_WARN_DIRECT_OBJC_ISA_USAGE = YES_ERROR;
				CLANG_WARN_DOCUMENTATION_COMMENTS = YES;
				CLANG_WARN_EMPTY_BODY = YES;
				CLANG_WARN_ENUM_CONVERSION = YES;
				CLANG_WARN_INFINITE_RECURSION = YES;
				CLANG_WARN_INT_CONVERSION = YES;
				CLANG_WARN_OBJC_ROOT_CLASS = YES_ERROR;
				CLANG_WARN_SUSPICIOUS_MOVE = YES;
				CLANG_WARN_UNREACHABLE_CODE = YES;
				CLANG_WARN__DUPLICATE_METHOD_MATCH = YES;
				"CODE_SIGN_IDENTITY[sdk=iphoneos*]" = "iPhone Developer";
				COPY_PHASE_STRIP = NO;
				DEBUG_INFORMATION_FORMAT = "dwarf-with-dsym";
				ENABLE_NS_ASSERTIONS = NO;
				ENABLE_STRICT_OBJC_MSGSEND = YES;
				GCC_C_LANGUAGE_STANDARD = gnu99;
				GCC_NO_COMMON_BLOCKS = YES;
				GCC_WARN_64_TO_32_BIT_CONVERSION = YES;
				GCC_WARN_ABOUT_RETURN_TYPE = YES_ERROR;
				GCC_WARN_UNDECLARED_SELECTOR = YES;
				GCC_WARN_UNINITIALIZED_AUTOS = YES_AGGRESSIVE;
				GCC_WARN_UNUSED_FUNCTION = YES;
				GCC_WARN_UNUSED_VARIABLE = YES;
				IPHONEOS_DEPLOYMENT_TARGET = 10.3;
				MTL_ENABLE_DEBUG_INFO = NO;
				SDKROOT = iphoneos;
				SWIFT_OPTIMIZATION_LEVEL = "-Owholemodule";
				VALIDATE_PRODUCT = YES;
			};
			name = Release;
		};
		18012A231EA13AE4005F9D16 /* Debug */ = {
			isa = XCBuildConfiguration;
			buildSettings = {
				ASSETCATALOG_COMPILER_APPICON_NAME = AppIcon;
				DEVELOPMENT_TEAM = DKZMN9J99N;
				INFOPLIST_FILE = ToDoList/Info.plist;
				LD_RUNPATH_SEARCH_PATHS = "$(inherited) @executable_path/Frameworks";
				PRODUCT_BUNDLE_IDENTIFIER = com.paullele.ToDoList;
				PRODUCT_NAME = "$(TARGET_NAME)";
				SWIFT_VERSION = 3.0;
			};
			name = Debug;
		};
		18012A241EA13AE4005F9D16 /* Release */ = {
			isa = XCBuildConfiguration;
			buildSettings = {
				ASSETCATALOG_COMPILER_APPICON_NAME = AppIcon;
				DEVELOPMENT_TEAM = DKZMN9J99N;
				INFOPLIST_FILE = ToDoList/Info.plist;
				LD_RUNPATH_SEARCH_PATHS = "$(inherited) @executable_path/Frameworks";
				PRODUCT_BUNDLE_IDENTIFIER = com.paullele.ToDoList;
				PRODUCT_NAME = "$(TARGET_NAME)";
				SWIFT_VERSION = 3.0;
			};
			name = Release;
		};
/* End XCBuildConfiguration section */

/* Begin XCConfigurationList section */
		18012A091EA13AE4005F9D16 /* Build configuration list for PBXProject "ToDoList" */ = {
			isa = XCConfigurationList;
			buildConfigurations = (
				18012A201EA13AE4005F9D16 /* Debug */,
				18012A211EA13AE4005F9D16 /* Release */,
			);
			defaultConfigurationIsVisible = 0;
			defaultConfigurationName = Release;
		};
		18012A221EA13AE4005F9D16 /* Build configuration list for PBXNativeTarget "ToDoList" */ = {
			isa = XCConfigurationList;
			buildConfigurations = (
				18012A231EA13AE4005F9D16 /* Debug */,
				18012A241EA13AE4005F9D16 /* Release */,
			);
			defaultConfigurationIsVisible = 0;
			defaultConfigurationName = Release;
		};
/* End XCConfigurationList section */
	};
	rootObject = 18012A061EA13AE4005F9D16 /* Project object */;
}
